# THIS IS AN AUTOGENERATED FILE. DO NOT EDIT THIS FILE DIRECTLY.
# yarn lockfile v1


"@aws-crypto/ie11-detection@^1.0.0":
  version "1.0.0"
  resolved "https://registry.yarnpkg.com/@aws-crypto/ie11-detection/-/ie11-detection-1.0.0.tgz#d3a6af29ba7f15458f79c41d1cd8cac3925e726a"
  integrity sha512-kCKVhCF1oDxFYgQrxXmIrS5oaWulkvRcPz+QBDMsUr2crbF4VGgGT6+uQhSwJFdUAQ2A//Vq+uT83eJrkzFgXA==
  dependencies:
    tslib "^1.11.1"

"@aws-crypto/sha256-browser@^1.0.0":
  version "1.1.1"
  resolved "https://registry.yarnpkg.com/@aws-crypto/sha256-browser/-/sha256-browser-1.1.1.tgz#85dddf13e8f8d74c0d6592d993e4bf401da9f420"
  integrity sha512-nS4vdan97It6HcweV58WXtjPbPSc0JXd3sAwlw3Ou5Mc3WllSycAS32Tv2LRn8butNQoU9AE3jEQAOgiMdNC1Q==
  dependencies:
    "@aws-crypto/ie11-detection" "^1.0.0"
    "@aws-crypto/sha256-js" "^1.1.0"
    "@aws-crypto/supports-web-crypto" "^1.0.0"
    "@aws-sdk/types" "^3.1.0"
    "@aws-sdk/util-locate-window" "^3.0.0"
    "@aws-sdk/util-utf8-browser" "^3.0.0"
    tslib "^1.11.1"

"@aws-crypto/sha256-js@^1.0.0", "@aws-crypto/sha256-js@^1.1.0":
  version "1.1.0"
  resolved "https://registry.yarnpkg.com/@aws-crypto/sha256-js/-/sha256-js-1.1.0.tgz#a58386ad18186e392e0f1d98d18831261d27b071"
  integrity sha512-VIhuqbPgXDVr8sZe2yhgQcDRRmzf4CI8fmC1A3bHiRfE6wlz1d8KpeemqbuoEHotz/Dch9yOxlshyQDNjNFeHA==
  dependencies:
    "@aws-sdk/types" "^3.1.0"
    "@aws-sdk/util-utf8-browser" "^3.0.0"
    tslib "^1.11.1"

"@aws-crypto/supports-web-crypto@^1.0.0":
  version "1.0.0"
  resolved "https://registry.yarnpkg.com/@aws-crypto/supports-web-crypto/-/supports-web-crypto-1.0.0.tgz#c40901bc17ac1e875e248df16a2b47ad8bfd9a93"
  integrity sha512-IHLfv+WmVH89EW4n6a5eE8/hUlz6qkWGMn/v4r5ZgzcXdTC5nolii2z3k46y01hWRiC2PPhOdeSLzMUCUMco7g==
  dependencies:
    tslib "^1.11.1"

"@aws-sdk/abort-controller@3.25.0":
  version "3.25.0"
  resolved "https://registry.yarnpkg.com/@aws-sdk/abort-controller/-/abort-controller-3.25.0.tgz#a9ea250140de378d8beb6d2f427067fa30423e9e"
  integrity sha512-uEVKqKkPVz6atbCxCNJY5O7V+ieSK8crUswXo8/WePyEbGEgxJ4t9x/WG4lV8kBjelmvQHDR4GqfJmb5Sh9xSg==
  dependencies:
    "@aws-sdk/types" "3.25.0"
    tslib "^2.3.0"

"@aws-sdk/client-dynamodb@^3.25.0":
  version "3.25.0"
  resolved "https://registry.yarnpkg.com/@aws-sdk/client-dynamodb/-/client-dynamodb-3.25.0.tgz#77f52954afcb6594271583f483cc32e08c81739a"
  integrity sha512-UvlLFKN9jQSsQW2zbi8nkZV8wVe+dPP6bwAwyoVGOcbzcS9IWsZZT/Esquhr8S8EAWocJqPZOk6+lV9iTBoLhg==
  dependencies:
    "@aws-crypto/sha256-browser" "^1.0.0"
    "@aws-crypto/sha256-js" "^1.0.0"
    "@aws-sdk/client-sts" "3.25.0"
    "@aws-sdk/config-resolver" "3.25.0"
    "@aws-sdk/credential-provider-node" "3.25.0"
    "@aws-sdk/fetch-http-handler" "3.25.0"
    "@aws-sdk/hash-node" "3.25.0"
    "@aws-sdk/invalid-dependency" "3.25.0"
    "@aws-sdk/middleware-content-length" "3.25.0"
    "@aws-sdk/middleware-endpoint-discovery" "3.25.0"
    "@aws-sdk/middleware-host-header" "3.25.0"
    "@aws-sdk/middleware-logger" "3.25.0"
    "@aws-sdk/middleware-retry" "3.25.0"
    "@aws-sdk/middleware-serde" "3.25.0"
    "@aws-sdk/middleware-signing" "3.25.0"
    "@aws-sdk/middleware-stack" "3.25.0"
    "@aws-sdk/middleware-user-agent" "3.25.0"
    "@aws-sdk/node-config-provider" "3.25.0"
    "@aws-sdk/node-http-handler" "3.25.0"
    "@aws-sdk/protocol-http" "3.25.0"
    "@aws-sdk/smithy-client" "3.25.0"
    "@aws-sdk/types" "3.25.0"
    "@aws-sdk/url-parser" "3.25.0"
    "@aws-sdk/util-base64-browser" "3.23.0"
    "@aws-sdk/util-base64-node" "3.23.0"
    "@aws-sdk/util-body-length-browser" "3.23.0"
    "@aws-sdk/util-body-length-node" "3.23.0"
    "@aws-sdk/util-user-agent-browser" "3.25.0"
    "@aws-sdk/util-user-agent-node" "3.25.0"
    "@aws-sdk/util-utf8-browser" "3.23.0"
    "@aws-sdk/util-utf8-node" "3.23.0"
    "@aws-sdk/util-waiter" "3.25.0"
    tslib "^2.3.0"
    uuid "^8.3.2"

"@aws-sdk/client-sso@3.25.0":
  version "3.25.0"
  resolved "https://registry.yarnpkg.com/@aws-sdk/client-sso/-/client-sso-3.25.0.tgz#9756178afb08e399b5aef5d12dfece3825bc2e26"
  integrity sha512-b8v4tb7rncnqE5ktBlQEckFdNT+Pk2mBg4e1Uc9C1Z3XmZM+wOWtlbu+KRvgMgDWSx2FzLIjAKe3mLaM4o1Xhg==
  dependencies:
    "@aws-crypto/sha256-browser" "^1.0.0"
    "@aws-crypto/sha256-js" "^1.0.0"
    "@aws-sdk/config-resolver" "3.25.0"
    "@aws-sdk/fetch-http-handler" "3.25.0"
    "@aws-sdk/hash-node" "3.25.0"
    "@aws-sdk/invalid-dependency" "3.25.0"
    "@aws-sdk/middleware-content-length" "3.25.0"
    "@aws-sdk/middleware-host-header" "3.25.0"
    "@aws-sdk/middleware-logger" "3.25.0"
    "@aws-sdk/middleware-retry" "3.25.0"
    "@aws-sdk/middleware-serde" "3.25.0"
    "@aws-sdk/middleware-stack" "3.25.0"
    "@aws-sdk/middleware-user-agent" "3.25.0"
    "@aws-sdk/node-config-provider" "3.25.0"
    "@aws-sdk/node-http-handler" "3.25.0"
    "@aws-sdk/protocol-http" "3.25.0"
    "@aws-sdk/smithy-client" "3.25.0"
    "@aws-sdk/types" "3.25.0"
    "@aws-sdk/url-parser" "3.25.0"
    "@aws-sdk/util-base64-browser" "3.23.0"
    "@aws-sdk/util-base64-node" "3.23.0"
    "@aws-sdk/util-body-length-browser" "3.23.0"
    "@aws-sdk/util-body-length-node" "3.23.0"
    "@aws-sdk/util-user-agent-browser" "3.25.0"
    "@aws-sdk/util-user-agent-node" "3.25.0"
    "@aws-sdk/util-utf8-browser" "3.23.0"
    "@aws-sdk/util-utf8-node" "3.23.0"
    tslib "^2.3.0"

"@aws-sdk/client-sts@3.25.0":
  version "3.25.0"
  resolved "https://registry.yarnpkg.com/@aws-sdk/client-sts/-/client-sts-3.25.0.tgz#e189c46d560daaa56b872330a5e7d125d00d5a1f"
  integrity sha512-VQoG4GX+Pf5U/WtUgVgXLF2xC1jK6o4YmOxz09GhPfKT0y26x8hh42jY3zRCys7ldA3VKkfTLCeqMm3UKqXJZg==
  dependencies:
    "@aws-crypto/sha256-browser" "^1.0.0"
    "@aws-crypto/sha256-js" "^1.0.0"
    "@aws-sdk/config-resolver" "3.25.0"
    "@aws-sdk/credential-provider-node" "3.25.0"
    "@aws-sdk/fetch-http-handler" "3.25.0"
    "@aws-sdk/hash-node" "3.25.0"
    "@aws-sdk/invalid-dependency" "3.25.0"
    "@aws-sdk/middleware-content-length" "3.25.0"
    "@aws-sdk/middleware-host-header" "3.25.0"
    "@aws-sdk/middleware-logger" "3.25.0"
    "@aws-sdk/middleware-retry" "3.25.0"
    "@aws-sdk/middleware-sdk-sts" "3.25.0"
    "@aws-sdk/middleware-serde" "3.25.0"
    "@aws-sdk/middleware-signing" "3.25.0"
    "@aws-sdk/middleware-stack" "3.25.0"
    "@aws-sdk/middleware-user-agent" "3.25.0"
    "@aws-sdk/node-config-provider" "3.25.0"
    "@aws-sdk/node-http-handler" "3.25.0"
    "@aws-sdk/protocol-http" "3.25.0"
    "@aws-sdk/smithy-client" "3.25.0"
    "@aws-sdk/types" "3.25.0"
    "@aws-sdk/url-parser" "3.25.0"
    "@aws-sdk/util-base64-browser" "3.23.0"
    "@aws-sdk/util-base64-node" "3.23.0"
    "@aws-sdk/util-body-length-browser" "3.23.0"
    "@aws-sdk/util-body-length-node" "3.23.0"
    "@aws-sdk/util-user-agent-browser" "3.25.0"
    "@aws-sdk/util-user-agent-node" "3.25.0"
    "@aws-sdk/util-utf8-browser" "3.23.0"
    "@aws-sdk/util-utf8-node" "3.23.0"
    entities "2.2.0"
    fast-xml-parser "3.19.0"
    tslib "^2.3.0"

"@aws-sdk/config-resolver@3.25.0":
  version "3.25.0"
  resolved "https://registry.yarnpkg.com/@aws-sdk/config-resolver/-/config-resolver-3.25.0.tgz#d7caba201a00aeb9d60aeddb8901b7e58f7f5a2b"
  integrity sha512-t5CE90jYkxQyGGxG22atf8040lHuL17wptGp1kN8nSxaG6PudKhxQuHPAGYt6FHgrqqeyFccp/P3jiDSjqUaVw==
  dependencies:
    "@aws-sdk/signature-v4" "3.25.0"
    "@aws-sdk/types" "3.25.0"
    tslib "^2.3.0"

"@aws-sdk/credential-provider-env@3.25.0":
  version "3.25.0"
  resolved "https://registry.yarnpkg.com/@aws-sdk/credential-provider-env/-/credential-provider-env-3.25.0.tgz#9899ff627f40f09223126d6d2f1153b3ade2e804"
  integrity sha512-I65/PNGQG+ktt1QSHCWwQ8v7QRK1eRdLkQl3zB5rwBuANbQ3Yu+vA+lAwU+IbpGCOEpHJO3lDN330It5B4Rtvg==
  dependencies:
    "@aws-sdk/property-provider" "3.25.0"
    "@aws-sdk/types" "3.25.0"
    tslib "^2.3.0"

"@aws-sdk/credential-provider-imds@3.25.0":
  version "3.25.0"
  resolved "https://registry.yarnpkg.com/@aws-sdk/credential-provider-imds/-/credential-provider-imds-3.25.0.tgz#c40b76bb6a4561fb4c5fd94ce437aac938aaa23f"
  integrity sha512-BhPM89tjeXsa0KXxz2UTLeAY798Qg1cddFXPZXaJyHQ6eWsrDSoKbSOaeP+rznp037NNLnLX6PB8MOtfu3MAzw==
  dependencies:
    "@aws-sdk/property-provider" "3.25.0"
    "@aws-sdk/types" "3.25.0"
    tslib "^2.3.0"

"@aws-sdk/credential-provider-ini@3.25.0":
  version "3.25.0"
  resolved "https://registry.yarnpkg.com/@aws-sdk/credential-provider-ini/-/credential-provider-ini-3.25.0.tgz#32652f30247f84dd49e4c96ecec91577f972f2e3"
  integrity sha512-p6yvqcZMN+eNZbJXnrFQgLpA06pVA2XagGJdkdDb3q9J4HYoWQduocWUfr3dy0HJdjDZ01BVT/ldBanUyhznQQ==
  dependencies:
    "@aws-sdk/credential-provider-env" "3.25.0"
    "@aws-sdk/credential-provider-imds" "3.25.0"
    "@aws-sdk/credential-provider-sso" "3.25.0"
    "@aws-sdk/credential-provider-web-identity" "3.25.0"
    "@aws-sdk/property-provider" "3.25.0"
    "@aws-sdk/shared-ini-file-loader" "3.23.0"
    "@aws-sdk/types" "3.25.0"
    "@aws-sdk/util-credentials" "3.23.0"
    tslib "^2.3.0"

"@aws-sdk/credential-provider-node@3.25.0":
  version "3.25.0"
  resolved "https://registry.yarnpkg.com/@aws-sdk/credential-provider-node/-/credential-provider-node-3.25.0.tgz#f8f4c9b8ae51a89f44c11fbbf999e1363424f39e"
  integrity sha512-GZedy79oSpnDr2I54su3EE1fwpTRFBw/Sn4RBE4VWCM8AWq7ZNk7IKAmbnBrmt+gpFpr9k2PifUIJ7fAcbNvJQ==
  dependencies:
    "@aws-sdk/credential-provider-env" "3.25.0"
    "@aws-sdk/credential-provider-imds" "3.25.0"
    "@aws-sdk/credential-provider-ini" "3.25.0"
    "@aws-sdk/credential-provider-process" "3.25.0"
    "@aws-sdk/credential-provider-sso" "3.25.0"
    "@aws-sdk/credential-provider-web-identity" "3.25.0"
    "@aws-sdk/property-provider" "3.25.0"
    "@aws-sdk/shared-ini-file-loader" "3.23.0"
    "@aws-sdk/types" "3.25.0"
    "@aws-sdk/util-credentials" "3.23.0"
    tslib "^2.3.0"

"@aws-sdk/credential-provider-process@3.25.0":
  version "3.25.0"
  resolved "https://registry.yarnpkg.com/@aws-sdk/credential-provider-process/-/credential-provider-process-3.25.0.tgz#472938d6582152252fb69247531125ed24017d4e"
  integrity sha512-qMldWWDvvy6Q+HMcTAVWUJP7MLjLXqf0P08Vb5oGYOlyh4TCJDorccRVVsQvutjQggpBaIMTQdzjdamqtZ1y+w==
  dependencies:
    "@aws-sdk/property-provider" "3.25.0"
    "@aws-sdk/shared-ini-file-loader" "3.23.0"
    "@aws-sdk/types" "3.25.0"
    "@aws-sdk/util-credentials" "3.23.0"
    tslib "^2.3.0"

"@aws-sdk/credential-provider-sso@3.25.0":
  version "3.25.0"
  resolved "https://registry.yarnpkg.com/@aws-sdk/credential-provider-sso/-/credential-provider-sso-3.25.0.tgz#e2065ee6aec63a647acc816732ffcd270eb3c669"
  integrity sha512-cGP1Zcw2fZHn4CYGgq4soody4x5TrsWk0Pf9F8yCjRMSSZqs3rj0+PrXy4xqkiLCvTSrse6p4e4wMMpaFAm7Tg==
  dependencies:
    "@aws-sdk/client-sso" "3.25.0"
    "@aws-sdk/property-provider" "3.25.0"
    "@aws-sdk/shared-ini-file-loader" "3.23.0"
    "@aws-sdk/types" "3.25.0"
    "@aws-sdk/util-credentials" "3.23.0"
    tslib "^2.3.0"

"@aws-sdk/credential-provider-web-identity@3.25.0":
  version "3.25.0"
  resolved "https://registry.yarnpkg.com/@aws-sdk/credential-provider-web-identity/-/credential-provider-web-identity-3.25.0.tgz#9c330322eea3a5f1f0166556c1f18ecc0992b0bf"
  integrity sha512-6NvOaynsXGuNYbrGzT5h+kkGMaKtAI6zKgPqS/20NKlO5PJc9Eo56Hdbq0gBohXSBzRJE5Jx/1OOrTdvRlwniw==
  dependencies:
    "@aws-sdk/property-provider" "3.25.0"
    "@aws-sdk/types" "3.25.0"
    tslib "^2.3.0"

"@aws-sdk/endpoint-cache@3.23.0":
  version "3.23.0"
  resolved "https://registry.yarnpkg.com/@aws-sdk/endpoint-cache/-/endpoint-cache-3.23.0.tgz#c20a057b432db91951fdb53c92fb0f680f917213"
  integrity sha512-Yhe1JvrTEA+BQuT/wfwvYDMqozB4GKXVRA4ZzU5VhkvMwbWd7/xGzDLQ0JG7jtYX3TwRYsBLI1XdQ1oYG3bmrQ==
  dependencies:
    mnemonist "0.38.3"
    tslib "^2.3.0"

"@aws-sdk/fetch-http-handler@3.25.0":
  version "3.25.0"
  resolved "https://registry.yarnpkg.com/@aws-sdk/fetch-http-handler/-/fetch-http-handler-3.25.0.tgz#0ba013ced267b8ead120be1fcba5bdbbc379b82f"
  integrity sha512-792kkbfSRBdiFb7Q2cDJts9MKxzAwuQSwUIwRKAOMazU8HkKbKnXXAFSsK3T7VasOFOh7O7YEGN0q9UgEw1q+g==
  dependencies:
    "@aws-sdk/protocol-http" "3.25.0"
    "@aws-sdk/querystring-builder" "3.25.0"
    "@aws-sdk/types" "3.25.0"
    "@aws-sdk/util-base64-browser" "3.23.0"
    tslib "^2.3.0"

"@aws-sdk/hash-node@3.25.0":
  version "3.25.0"
  resolved "https://registry.yarnpkg.com/@aws-sdk/hash-node/-/hash-node-3.25.0.tgz#b149ddf170f4038c7cc3afe8f12e21b0f63e0771"
  integrity sha512-qRn6iqG9VLt8D29SBABcbauDLn92ssMjtpyVApiOhDYyFm2VA2avomOHD6y2PRBMwM5FMQAygZbpA2HIN2F96w==
  dependencies:
    "@aws-sdk/types" "3.25.0"
    "@aws-sdk/util-buffer-from" "3.23.0"
    tslib "^2.3.0"

"@aws-sdk/invalid-dependency@3.25.0":
  version "3.25.0"
  resolved "https://registry.yarnpkg.com/@aws-sdk/invalid-dependency/-/invalid-dependency-3.25.0.tgz#a75dfb7e86a0e1eb6083b61397dc49a1db041434"
  integrity sha512-ZBXjBAF2JSiO/wGBa1oaXsd1q5YG3diS8TfIUMXeQoe9O66R5LGoGOQeAbB/JjlwFot6DZfAcfocvl6CtWwqkw==
  dependencies:
    "@aws-sdk/types" "3.25.0"
    tslib "^2.3.0"

"@aws-sdk/is-array-buffer@3.23.0":
  version "3.23.0"
  resolved "https://registry.yarnpkg.com/@aws-sdk/is-array-buffer/-/is-array-buffer-3.23.0.tgz#3a5d601b0102ea3a4d832bde647509c8405b2ec9"
  integrity sha512-XN20/scFthok0lCbjtinW77CoIBoar8cbOzmu+HkYTnBBpJrF6Ai5g9sgglO8r+X+OLn4PrDrTP+BxdpNuIh9g==
  dependencies:
    tslib "^2.3.0"

"@aws-sdk/middleware-content-length@3.25.0":
  version "3.25.0"
  resolved "https://registry.yarnpkg.com/@aws-sdk/middleware-content-length/-/middleware-content-length-3.25.0.tgz#71031d326e52f788396e0ed8216410840059ac53"
  integrity sha512-uOXus0MmZi/mucRIr5yfwM1vDhYG66CujNfnhyEaq5f4kcDA1Q5qPWSn9dkQPV9JWTZK3WTuYiOPSgtmlAYTAg==
  dependencies:
    "@aws-sdk/protocol-http" "3.25.0"
    "@aws-sdk/types" "3.25.0"
    tslib "^2.3.0"

"@aws-sdk/middleware-endpoint-discovery@3.25.0":
  version "3.25.0"
  resolved "https://registry.yarnpkg.com/@aws-sdk/middleware-endpoint-discovery/-/middleware-endpoint-discovery-3.25.0.tgz#299162ec6438bd4181c2e1f2f55939850478da51"
  integrity sha512-1Fr39FDyPZTvGeK2/hbaxrPr4oUImdnjPb+dlvX1CzgplwLpAN5j4oV60w7Y8karVdgLr1eiu3KsnzZQcHUhWw==
  dependencies:
    "@aws-sdk/config-resolver" "3.25.0"
    "@aws-sdk/endpoint-cache" "3.23.0"
    "@aws-sdk/protocol-http" "3.25.0"
    "@aws-sdk/types" "3.25.0"
    tslib "^2.3.0"

"@aws-sdk/middleware-host-header@3.25.0":
  version "3.25.0"
  resolved "https://registry.yarnpkg.com/@aws-sdk/middleware-host-header/-/middleware-host-header-3.25.0.tgz#f08dd8c45362cf5cb152c478027092e3d1f4aa58"
  integrity sha512-xKD/CfsUS3ul2VaQ3IgIUXgA7jU2/Guo/DUhYKrLZTOxm0nuvsIFw0RqSCtRBCLptE5Qi+unkc1LcFDbfqrRbg==
  dependencies:
    "@aws-sdk/protocol-http" "3.25.0"
    "@aws-sdk/types" "3.25.0"
    tslib "^2.3.0"

"@aws-sdk/middleware-logger@3.25.0":
  version "3.25.0"
  resolved "https://registry.yarnpkg.com/@aws-sdk/middleware-logger/-/middleware-logger-3.25.0.tgz#03294611be7a2f4aba06e9d80e04318c0991d769"
  integrity sha512-M1F7BlAsDKoEM8hBaU2pHlLSM40rzzgtZ6jFNhfmTwGcjxe1N7JXCH5QPa7aI8wnJq2RoIRHVfVsUH4GwvOZnA==
  dependencies:
    "@aws-sdk/types" "3.25.0"
    tslib "^2.3.0"

"@aws-sdk/middleware-retry@3.25.0":
  version "3.25.0"
  resolved "https://registry.yarnpkg.com/@aws-sdk/middleware-retry/-/middleware-retry-3.25.0.tgz#e9f1b011494142aa27ece3ef881e8a3d4866797c"
  integrity sha512-SzdWPo4ESUR6AXvIf4eC8s5sko2G9Hou6cUIr+BWI4h7whA32j/aWUmvcMHxWT/eaSuPeruXrnvKyLvuM0RjJg==
  dependencies:
    "@aws-sdk/protocol-http" "3.25.0"
    "@aws-sdk/service-error-classification" "3.25.0"
    "@aws-sdk/types" "3.25.0"
    tslib "^2.3.0"
    uuid "^8.3.2"

"@aws-sdk/middleware-sdk-sts@3.25.0":
  version "3.25.0"
  resolved "https://registry.yarnpkg.com/@aws-sdk/middleware-sdk-sts/-/middleware-sdk-sts-3.25.0.tgz#15d4836958f70187cbb6819a0c0742b751fb44ed"
  integrity sha512-1SoZZTVejo+32eH0WqXaFvt/NIkVEYWquh3OJpkghMi2oOnMfeIRI0uSoqshL6949f4iSfUvvtuzDpyA7XNCQA==
  dependencies:
    "@aws-sdk/middleware-signing" "3.25.0"
    "@aws-sdk/property-provider" "3.25.0"
    "@aws-sdk/protocol-http" "3.25.0"
    "@aws-sdk/signature-v4" "3.25.0"
    "@aws-sdk/types" "3.25.0"
    tslib "^2.3.0"

"@aws-sdk/middleware-serde@3.25.0":
  version "3.25.0"
  resolved "https://registry.yarnpkg.com/@aws-sdk/middleware-serde/-/middleware-serde-3.25.0.tgz#e1284ed4af64b4444cfeb7b5275f489418fa2f58"
  integrity sha512-065Kugo8yXzBkcVAxctxFCHKlHcINnaQRsJ8ifvgc+UOEgvTG9+LfGWDwfdgarW9CkF7RkCoZOyaqFsO+HJWsg==
  dependencies:
    "@aws-sdk/types" "3.25.0"
    tslib "^2.3.0"

"@aws-sdk/middleware-signing@3.25.0":
  version "3.25.0"
  resolved "https://registry.yarnpkg.com/@aws-sdk/middleware-signing/-/middleware-signing-3.25.0.tgz#de19f5b27c34161081553a87285f1b5690e2cb9a"
  integrity sha512-FkhxGMV3UY5HIAwUcarfxdq/CF/tYukdg+bkbTNluMpkcJczqn6shpEIQAGa5FFQP3Lya+STL1NuNXfOP7bG9w==
  dependencies:
    "@aws-sdk/property-provider" "3.25.0"
    "@aws-sdk/protocol-http" "3.25.0"
    "@aws-sdk/signature-v4" "3.25.0"
    "@aws-sdk/types" "3.25.0"
    tslib "^2.3.0"

"@aws-sdk/middleware-stack@3.25.0":
  version "3.25.0"
  resolved "https://registry.yarnpkg.com/@aws-sdk/middleware-stack/-/middleware-stack-3.25.0.tgz#8fc022c90b030c80308bf2930c4a7040052234b4"
  integrity sha512-s2VgdsasOVKHY3/SIGsw9AeZMMsdcIbBGWim9n5IO3j8C8y54EdRLVCEja8ePvMDZKIzuummwatYPHaUrnqPtQ==
  dependencies:
    tslib "^2.3.0"

"@aws-sdk/middleware-user-agent@3.25.0":
  version "3.25.0"
  resolved "https://registry.yarnpkg.com/@aws-sdk/middleware-user-agent/-/middleware-user-agent-3.25.0.tgz#2033da6cdcfbf4641b991e3ee3c60ba9809898e7"
  integrity sha512-HXd/Qknq8Cp7fzJYU7jDDpN7ReJ3arUrnt+dAPNaDDrhmrBbCZp+24UXN6X6DAj0JICRoRuF/l7KxjwdF5FShw==
  dependencies:
    "@aws-sdk/protocol-http" "3.25.0"
    "@aws-sdk/types" "3.25.0"
    tslib "^2.3.0"

"@aws-sdk/node-config-provider@3.25.0":
  version "3.25.0"
  resolved "https://registry.yarnpkg.com/@aws-sdk/node-config-provider/-/node-config-provider-3.25.0.tgz#6ec3e9031b7ff0c51d6e0b33aeff3547ea5619b3"
  integrity sha512-95FiUDuh1YGo0Giti0Xz9l2TV0Wzw75M1xx0TduFcm1dpLKl+znxTgYh+4G+MOSMHNGy+6K91yxurv4PGYgCWw==
  dependencies:
    "@aws-sdk/property-provider" "3.25.0"
    "@aws-sdk/shared-ini-file-loader" "3.23.0"
    "@aws-sdk/types" "3.25.0"
    tslib "^2.3.0"

"@aws-sdk/node-http-handler@3.25.0":
  version "3.25.0"
  resolved "https://registry.yarnpkg.com/@aws-sdk/node-http-handler/-/node-http-handler-3.25.0.tgz#b636ea2c39b4a47cf9bffd4cdb6a41c603b99bff"
  integrity sha512-zVeAM/bXewZiuMtcUZI/xGDID6knkzOv73ueVkzUbP0Ki8bfao7diR3hMbIt5Fy/r8cAVjJce9v6zFqo4sr1WA==
  dependencies:
    "@aws-sdk/abort-controller" "3.25.0"
    "@aws-sdk/protocol-http" "3.25.0"
    "@aws-sdk/querystring-builder" "3.25.0"
    "@aws-sdk/types" "3.25.0"
    tslib "^2.3.0"

"@aws-sdk/property-provider@3.25.0":
  version "3.25.0"
  resolved "https://registry.yarnpkg.com/@aws-sdk/property-provider/-/property-provider-3.25.0.tgz#2fd7246917b9b6ff448a599163a479bc417a1421"
  integrity sha512-jUnPDguLWsyGLPfdxGdeaXe3j/CjS3kxBmctvI+soZg57rA2hntP9rm7SUZ2+5rj4mmJaI3bzchiaY3kE3JmpA==
  dependencies:
    "@aws-sdk/types" "3.25.0"
    tslib "^2.3.0"

"@aws-sdk/protocol-http@3.25.0":
  version "3.25.0"
  resolved "https://registry.yarnpkg.com/@aws-sdk/protocol-http/-/protocol-http-3.25.0.tgz#4b638cb90672fc2d6cb6d15bebc8bb1fb297da2e"
  integrity sha512-4Jebt5G8uIFa+HZO7KOgOtA66E/CXysQekiV5dfAsU8ca+rX5PB6qhpWZ2unX/l6He+oDQ0zMoW70JkNiP4/4w==
  dependencies:
    "@aws-sdk/types" "3.25.0"
    tslib "^2.3.0"

"@aws-sdk/querystring-builder@3.25.0":
  version "3.25.0"
  resolved "https://registry.yarnpkg.com/@aws-sdk/querystring-builder/-/querystring-builder-3.25.0.tgz#9e6f5eaa5d6805fbf45ae4a47ccbaf823584a4a2"
  integrity sha512-o/R3/viOxjWckI+kepkxJSL7fIdg1hHYOW/rOpo9HbXS0CJrHVnB8vlBb+Xwl1IFyY2gg+5YZTjiufcgpgRBkw==
  dependencies:
    "@aws-sdk/types" "3.25.0"
    "@aws-sdk/util-uri-escape" "3.23.0"
    tslib "^2.3.0"

"@aws-sdk/querystring-parser@3.25.0":
  version "3.25.0"
  resolved "https://registry.yarnpkg.com/@aws-sdk/querystring-parser/-/querystring-parser-3.25.0.tgz#7fe0a3ddf95a4e5475f53be056fce435fb24b774"
  integrity sha512-FCNyaOLFLVS5j43MhVA7/VJUDX0t/9RyNTNulHgzFjj6ffsgqcY0uwUq1RO3QCL4asl56zOrLVJgK+Z7wMbvFg==
  dependencies:
    "@aws-sdk/types" "3.25.0"
    tslib "^2.3.0"

"@aws-sdk/service-error-classification@3.25.0":
  version "3.25.0"
  resolved "https://registry.yarnpkg.com/@aws-sdk/service-error-classification/-/service-error-classification-3.25.0.tgz#1f24fe74f0a89f00d4f6f2ad1d7bb6b0e2f871e7"
  integrity sha512-66FfIab87LnnHtOLrGrVOht9Pw6lE8appyOpBdtoeoU5DP7ARSWuDdsYmKdGdRCWvn/RaVFbSYua9k0M1WsGqg==

"@aws-sdk/shared-ini-file-loader@3.23.0":
  version "3.23.0"
  resolved "https://registry.yarnpkg.com/@aws-sdk/shared-ini-file-loader/-/shared-ini-file-loader-3.23.0.tgz#574901a31e65e425632a9cae6a64f6382a2b76e8"
  integrity sha512-YUp46l6E3dLKHp1cKMkZI4slTjsVc/Lm7nPCTVc3oQvZ1MvC99N/jMCmZ7X5YYofuAUSdc9eJ8sYiF2BnUww9g==
  dependencies:
    tslib "^2.3.0"

"@aws-sdk/signature-v4@3.25.0":
  version "3.25.0"
  resolved "https://registry.yarnpkg.com/@aws-sdk/signature-v4/-/signature-v4-3.25.0.tgz#c7fb8184a09593ef6dc62029ca45e252b51247b2"
  integrity sha512-6KDRRz9XVrj9RxrBLC6dzfnb2TDl3CjIzcNpLdRuKFgzEEdwV+5D+EZuAQU3MuHG5pWTIwG72k/dmCbJ2MDPUQ==
  dependencies:
    "@aws-sdk/is-array-buffer" "3.23.0"
    "@aws-sdk/types" "3.25.0"
    "@aws-sdk/util-hex-encoding" "3.23.0"
    "@aws-sdk/util-uri-escape" "3.23.0"
    tslib "^2.3.0"

"@aws-sdk/smithy-client@3.25.0":
  version "3.25.0"
  resolved "https://registry.yarnpkg.com/@aws-sdk/smithy-client/-/smithy-client-3.25.0.tgz#bfdf77f1fa82b26bb7893f16056e8e60e49a140a"
  integrity sha512-+/iMCNziL5/muaY/gl3xkRsSZyeoVCUSjSbbZjDIXbqDbB9SOz4o3UAIgWHoCgYNfsF25GQR6rThLi61FrSyoQ==
  dependencies:
    "@aws-sdk/middleware-stack" "3.25.0"
    "@aws-sdk/types" "3.25.0"
    tslib "^2.3.0"

"@aws-sdk/types@3.25.0", "@aws-sdk/types@^3.1.0":
  version "3.25.0"
  resolved "https://registry.yarnpkg.com/@aws-sdk/types/-/types-3.25.0.tgz#981210272dae2d259130f6dca8429522d9a564bb"
  integrity sha512-vS0+cTKwj6CujlR07HmeEBxzWPWSrdmZMYnxn/QC9KW9dFu0lsyCGSCqWsFluI6GI0flsnYYWNkP5y4bfD9tqg==

"@aws-sdk/url-parser@3.25.0":
  version "3.25.0"
  resolved "https://registry.yarnpkg.com/@aws-sdk/url-parser/-/url-parser-3.25.0.tgz#668c7d9d4bc21854c10bfb8bdf762a9206776fae"
  integrity sha512-qZ3Vq0NjHsE7Qq6R5NVRswIAsiyYjCDnAV+/Vt4jU/K0V3mGumiasiJyRyblW4Da8R6kfcJk0mHSMFRJfoHh8Q==
  dependencies:
    "@aws-sdk/querystring-parser" "3.25.0"
    "@aws-sdk/types" "3.25.0"
    tslib "^2.3.0"

"@aws-sdk/util-base64-browser@3.23.0":
  version "3.23.0"
  resolved "https://registry.yarnpkg.com/@aws-sdk/util-base64-browser/-/util-base64-browser-3.23.0.tgz#61594ac9529756361c81ece287548ab5b8c5a768"
  integrity sha512-xlI/qw+uhLJWa3k0mRtRHQ42v5QzsMFEUXScredQMfJ/34qzXyocsG6OHPOTV1I8WSANrxnHR5m1Ae3iU6JuVw==
  dependencies:
    tslib "^2.3.0"

"@aws-sdk/util-base64-node@3.23.0":
  version "3.23.0"
  resolved "https://registry.yarnpkg.com/@aws-sdk/util-base64-node/-/util-base64-node-3.23.0.tgz#d0da9ed6b8aaa7513ba4b36a20b4794c72c074ce"
  integrity sha512-Kf8JIAUtjrPcD5CJzrig2B5CtegWswUNpW4zBarww/UJhHlp8WzKlCxxA+yNS1ghT0ZMjrRvxPabKDGpkyUfmQ==
  dependencies:
    "@aws-sdk/util-buffer-from" "3.23.0"
    tslib "^2.3.0"

"@aws-sdk/util-body-length-browser@3.23.0":
  version "3.23.0"
  resolved "https://registry.yarnpkg.com/@aws-sdk/util-body-length-browser/-/util-body-length-browser-3.23.0.tgz#1a5c5e7ea5e15d93bd178021c54d2ea41faeb1cd"
  integrity sha512-Bi6u/5omQbOBSB5BxqVvaPgVplLRjhhSuqK3XAukbeBPh7lcibIBdy7YvbhQyl4i8Hb2QjFnqqfzA0lNBe5eiw==
  dependencies:
    tslib "^2.3.0"

"@aws-sdk/util-body-length-node@3.23.0":
  version "3.23.0"
  resolved "https://registry.yarnpkg.com/@aws-sdk/util-body-length-node/-/util-body-length-node-3.23.0.tgz#2a7890b4fa6de78a042db9537a67f90ccb2a3034"
  integrity sha512-8kSczloA78mikPaJ742SU9Wpwfcz3HOruoXiP/pOy69UZEsMe4P7zTZI1bo8BAp7j6IFUPCXth9E3UAtkbz+CQ==
  dependencies:
    tslib "^2.3.0"

"@aws-sdk/util-buffer-from@3.23.0":
  version "3.23.0"
  resolved "https://registry.yarnpkg.com/@aws-sdk/util-buffer-from/-/util-buffer-from-3.23.0.tgz#3bc02f50c6e8a5c2b9db61faeb3bebc9de701c3b"
  integrity sha512-axXy1FvEOM1uECgMPmyHF1S3Hd7JI+BerhhcAlGig0bbqUsZVQUNL9yhOsWreA+nf1v08Ucj8P2SHPCT9Hvpgg==
  dependencies:
    "@aws-sdk/is-array-buffer" "3.23.0"
    tslib "^2.3.0"

"@aws-sdk/util-credentials@3.23.0":
  version "3.23.0"
  resolved "https://registry.yarnpkg.com/@aws-sdk/util-credentials/-/util-credentials-3.23.0.tgz#6b3138c3853c72adc93c3f57e8fb28f58ffdc364"
  integrity sha512-6TDGZnFa0kZr+vSsWXXMfWt347jbMGKtzGnBxbrmiQgZMijz9s/wLYxsjglZ+CyqI/QrSMOTtqy6mEgJxdnGWQ==
  dependencies:
    "@aws-sdk/shared-ini-file-loader" "3.23.0"
    tslib "^2.3.0"

"@aws-sdk/util-hex-encoding@3.23.0":
  version "3.23.0"
  resolved "https://registry.yarnpkg.com/@aws-sdk/util-hex-encoding/-/util-hex-encoding-3.23.0.tgz#a8de34faf9e51dd4be379be0e9d3bdc093ae6bf4"
  integrity sha512-RFDCwNrJMmmPSMVRadxRNePqTXGwtL9s4844x44D0bbGg1TdC42rrg0PRKYkxFL7wd1FbibVQOzciZAvzF+Z+w==
  dependencies:
    tslib "^2.3.0"

"@aws-sdk/util-locate-window@^3.0.0":
  version "3.23.0"
  resolved "https://registry.yarnpkg.com/@aws-sdk/util-locate-window/-/util-locate-window-3.23.0.tgz#e9bf2a023dce2ea1d13ec2e8c7c92abb333a1442"
  integrity sha512-mM8kWW7SWIxCshkNllpYqCQi5SzwJ+sv5nURhtquOB5/H3qGqZm0V5lUE3qpE1AYmqKwk6qbGUy1woFn1T5nrw==
  dependencies:
    tslib "^2.3.0"

"@aws-sdk/util-uri-escape@3.23.0":
  version "3.23.0"
  resolved "https://registry.yarnpkg.com/@aws-sdk/util-uri-escape/-/util-uri-escape-3.23.0.tgz#52539674966eb456d65408d9028ed114e94dfd49"
  integrity sha512-SvQx2E/FDlI5vLT67wwn/k1j2R/G58tYj4Te6GNgEwPGL43X2+7c0+d/WTgndMaRvxSBHZMUTxBYh1HOeU7loA==
  dependencies:
    tslib "^2.3.0"

"@aws-sdk/util-user-agent-browser@3.25.0":
  version "3.25.0"
  resolved "https://registry.yarnpkg.com/@aws-sdk/util-user-agent-browser/-/util-user-agent-browser-3.25.0.tgz#a0f480f1a5b10350370643445b09413102187935"
  integrity sha512-qGqiWfs49NRmQVXPsBXgMRVkjDZocicU0V2wak98e0t7TOI+KmP8hnwsTkE6c4KwhsFOOUhAzjn5zk3kOwi6tQ==
  dependencies:
    "@aws-sdk/types" "3.25.0"
    bowser "^2.11.0"
    tslib "^2.3.0"

"@aws-sdk/util-user-agent-node@3.25.0":
  version "3.25.0"
  resolved "https://registry.yarnpkg.com/@aws-sdk/util-user-agent-node/-/util-user-agent-node-3.25.0.tgz#db22cb64893c4635adf17086c5cb4a5070c4ac16"
  integrity sha512-4AWyCNP3n/qxv36OS+WH3l4ooRvwyfdbYWFXNXeGcxMcLANDG0upJQRT1g7H8+/afMaJ6v/BQM/H6tdocJSKjQ==
  dependencies:
    "@aws-sdk/node-config-provider" "3.25.0"
    "@aws-sdk/types" "3.25.0"
    tslib "^2.3.0"

"@aws-sdk/util-utf8-browser@3.23.0", "@aws-sdk/util-utf8-browser@^3.0.0":
  version "3.23.0"
  resolved "https://registry.yarnpkg.com/@aws-sdk/util-utf8-browser/-/util-utf8-browser-3.23.0.tgz#dff7e891c67936de677b7d7a6c796e5c2e1b1510"
  integrity sha512-fSB95AKnvCnAbCd7o0xLbErfAgD9wnLCaEu23AgfGAiaG3nFF8Z2+wtjebU/9Z4RI9d/x83Ho/yguRnJdkMsPA==
  dependencies:
    tslib "^2.3.0"

"@aws-sdk/util-utf8-node@3.23.0":
  version "3.23.0"
  resolved "https://registry.yarnpkg.com/@aws-sdk/util-utf8-node/-/util-utf8-node-3.23.0.tgz#9f9fe76745c79c8a148f15d78e9a5c03d2bf0441"
  integrity sha512-yao8+8okyfCxRvxZe3GBdO7lJnQEBf3P6rDgleOQD/0DZmMjOQGXCvDd42oagE2TegXhkUnJfVOZU2GqdoR0hg==
  dependencies:
    "@aws-sdk/util-buffer-from" "3.23.0"
    tslib "^2.3.0"

"@aws-sdk/util-waiter@3.25.0":
  version "3.25.0"
  resolved "https://registry.yarnpkg.com/@aws-sdk/util-waiter/-/util-waiter-3.25.0.tgz#cd2252c99f335e461134f55c3b7eb89ef6893dca"
  integrity sha512-rhJ7Q2fcPD8y4H0qNEpaspkSUya0OaNcVrca9wCZKs7jWnropPzrQ+e2MH7fWJ/8jgcBV890+Txr4fWkD4J01g==
  dependencies:
    "@aws-sdk/abort-controller" "3.25.0"
    "@aws-sdk/types" "3.25.0"
    tslib "^2.3.0"

accepts@~1.3.7:
  version "1.3.7"
  resolved "https://registry.yarnpkg.com/accepts/-/accepts-1.3.7.tgz#531bc726517a3b2b41f850021c6cc15eaab507cd"
  integrity sha512-Il80Qs2WjYlJIBNzNkK6KYqlVMTbZLXgHx2oT0pU/fjRHyEp+PEfEPY0R3WCwAGVOtauxh1hOxNgIf5bv7dQpA==
  dependencies:
    mime-types "~2.1.24"
    negotiator "0.6.2"

array-flatten@1.1.1:
  version "1.1.1"
  resolved "https://registry.yarnpkg.com/array-flatten/-/array-flatten-1.1.1.tgz#9a5f699051b1e7073328f2a008968b64ea2955d2"
  integrity sha1-ml9pkFGx5wczKPKgCJaLZOopVdI=

body-parser@1.19.0:
  version "1.19.0"
  resolved "https://registry.yarnpkg.com/body-parser/-/body-parser-1.19.0.tgz#96b2709e57c9c4e09a6fd66a8fd979844f69f08a"
  integrity sha512-dhEPs72UPbDnAQJ9ZKMNTP6ptJaionhP5cBb541nXPlW60Jepo9RV/a4fX4XWW9CuFNK22krhrj1+rgzifNCsw==
  dependencies:
    bytes "3.1.0"
    content-type "~1.0.4"
    debug "2.6.9"
    depd "~1.1.2"
    http-errors "1.7.2"
    iconv-lite "0.4.24"
    on-finished "~2.3.0"
    qs "6.7.0"
    raw-body "2.4.0"
    type-is "~1.6.17"

bowser@^2.11.0:
  version "2.11.0"
  resolved "https://registry.yarnpkg.com/bowser/-/bowser-2.11.0.tgz#5ca3c35757a7aa5771500c70a73a9f91ef420a8f"
  integrity sha512-AlcaJBi/pqqJBIQ8U9Mcpc9i8Aqxn88Skv5d+xBX006BY5u8N3mGLHa5Lgppa7L/HfwgwLgZ6NYs+Ag6uUmJRA==

bytes@3.1.0:
  version "3.1.0"
  resolved "https://registry.yarnpkg.com/bytes/-/bytes-3.1.0.tgz#f6cf7933a360e0588fa9fde85651cdc7f805d1f6"
  integrity sha512-zauLjrfCG+xvoyaqLoV8bLVXXNGC4JqlxFCutSDWA6fJrTo2ZuvLYTqZ7aHBLZSMOopbzwv8f+wZcVzfVTI2Dg==

content-disposition@0.5.3:
  version "0.5.3"
  resolved "https://registry.yarnpkg.com/content-disposition/-/content-disposition-0.5.3.tgz#e130caf7e7279087c5616c2007d0485698984fbd"
  integrity sha512-ExO0774ikEObIAEV9kDo50o+79VCUdEB6n6lzKgGwupcVeRlhrj3qGAfwq8G6uBJjkqLrhT0qEYFcWng8z1z0g==
  dependencies:
    safe-buffer "5.1.2"

content-type@~1.0.4:
  version "1.0.4"
  resolved "https://registry.yarnpkg.com/content-type/-/content-type-1.0.4.tgz#e138cc75e040c727b1966fe5e5f8c9aee256fe3b"
  integrity sha512-hIP3EEPs8tB9AT1L+NUqtwOAps4mk2Zob89MWXMHjHWg9milF/j4osnnQLXBCBFBk/tvIG/tUc9mOUJiPBhPXA==

cookie-signature@1.0.6:
  version "1.0.6"
  resolved "https://registry.yarnpkg.com/cookie-signature/-/cookie-signature-1.0.6.tgz#e303a882b342cc3ee8ca513a79999734dab3ae2c"
  integrity sha1-4wOogrNCzD7oylE6eZmXNNqzriw=

cookie@0.4.0:
  version "0.4.0"
  resolved "https://registry.yarnpkg.com/cookie/-/cookie-0.4.0.tgz#beb437e7022b3b6d49019d088665303ebe9c14ba"
  integrity sha512-+Hp8fLp57wnUSt0tY0tHEXh4voZRDnoIrZPqlo3DPiI4y9lwg/jqx+1Om94/W6ZaPDOUbnjOt/99w66zk+l1Xg==

debug@2.6.9:
  version "2.6.9"
  resolved "https://registry.yarnpkg.com/debug/-/debug-2.6.9.tgz#5d128515df134ff327e90a4c93f4e077a536341f"
  integrity sha512-bC7ElrdJaJnPbAP+1EotYvqZsb3ecl5wi6Bfi6BJTUcNowp6cvspg0jXznRTKDjm/E7AdgFBVeAPVMNcKGsHMA==
  dependencies:
    ms "2.0.0"

depd@~1.1.2:
  version "1.1.2"
  resolved "https://registry.yarnpkg.com/depd/-/depd-1.1.2.tgz#9bcd52e14c097763e749b274c4346ed2e560b5a9"
  integrity sha1-m81S4UwJd2PnSbJ0xDRu0uVgtak=

destroy@~1.0.4:
  version "1.0.4"
  resolved "https://registry.yarnpkg.com/destroy/-/destroy-1.0.4.tgz#978857442c44749e4206613e37946205826abd80"
  integrity sha1-l4hXRCxEdJ5CBmE+N5RiBYJqvYA=

ee-first@1.1.1:
  version "1.1.1"
  resolved "https://registry.yarnpkg.com/ee-first/-/ee-first-1.1.1.tgz#590c61156b0ae2f4f0255732a158b266bc56b21d"
  integrity sha1-WQxhFWsK4vTwJVcyoViyZrxWsh0=

encodeurl@~1.0.2:
  version "1.0.2"
  resolved "https://registry.yarnpkg.com/encodeurl/-/encodeurl-1.0.2.tgz#ad3ff4c86ec2d029322f5a02c3a9a606c95b3f59"
  integrity sha1-rT/0yG7C0CkyL1oCw6mmBslbP1k=

entities@2.2.0:
  version "2.2.0"
  resolved "https://registry.yarnpkg.com/entities/-/entities-2.2.0.tgz#098dc90ebb83d8dffa089d55256b351d34c4da55"
  integrity sha512-p92if5Nz619I0w+akJrLZH0MX0Pb5DX39XOwQTtXSdQQOaYH03S1uIQp4mhOZtAXrxq4ViO67YTiLBo2638o9A==

escape-html@~1.0.3:
  version "1.0.3"
  resolved "https://registry.yarnpkg.com/escape-html/-/escape-html-1.0.3.tgz#0258eae4d3d0c0974de1c169188ef0051d1d1988"
  integrity sha1-Aljq5NPQwJdN4cFpGI7wBR0dGYg=

etag@~1.8.1:
  version "1.8.1"
  resolved "https://registry.yarnpkg.com/etag/-/etag-1.8.1.tgz#41ae2eeb65efa62268aebfea83ac7d79299b0887"
  integrity sha1-Qa4u62XvpiJorr/qg6x9eSmbCIc=

express-async-errors@^3.1.1:
  version "3.1.1"
  resolved "https://registry.yarnpkg.com/express-async-errors/-/express-async-errors-3.1.1.tgz#6053236d61d21ddef4892d6bd1d736889fc9da41"
  integrity sha512-h6aK1da4tpqWSbyCa3FxB/V6Ehd4EEB15zyQq9qe75OZBp0krinNKuH4rAY+S/U/2I36vdLAUFSjQJ+TFmODng==

express@^4.17.1:
  version "4.17.1"
  resolved "https://registry.yarnpkg.com/express/-/express-4.17.1.tgz#4491fc38605cf51f8629d39c2b5d026f98a4c134"
  integrity sha512-mHJ9O79RqluphRrcw2X/GTh3k9tVv8YcoyY4Kkh4WDMUYKRZUq0h1o0w2rrrxBqM7VoeUVqgb27xlEMXTnYt4g==
  dependencies:
    accepts "~1.3.7"
    array-flatten "1.1.1"
    body-parser "1.19.0"
    content-disposition "0.5.3"
    content-type "~1.0.4"
    cookie "0.4.0"
    cookie-signature "1.0.6"
    debug "2.6.9"
    depd "~1.1.2"
    encodeurl "~1.0.2"
    escape-html "~1.0.3"
    etag "~1.8.1"
    finalhandler "~1.1.2"
    fresh "0.5.2"
    merge-descriptors "1.0.1"
    methods "~1.1.2"
    on-finished "~2.3.0"
    parseurl "~1.3.3"
    path-to-regexp "0.1.7"
    proxy-addr "~2.0.5"
    qs "6.7.0"
    range-parser "~1.2.1"
    safe-buffer "5.1.2"
    send "0.17.1"
    serve-static "1.14.1"
    setprototypeof "1.1.1"
    statuses "~1.5.0"
    type-is "~1.6.18"
    utils-merge "1.0.1"
    vary "~1.1.2"

fast-xml-parser@3.19.0:
  version "3.19.0"
  resolved "https://registry.yarnpkg.com/fast-xml-parser/-/fast-xml-parser-3.19.0.tgz#cb637ec3f3999f51406dd8ff0e6fc4d83e520d01"
  integrity sha512-4pXwmBplsCPv8FOY1WRakF970TjNGnGnfbOnLqjlYvMiF1SR3yOHyxMR/YCXpPTOspNF5gwudqktIP4VsWkvBg==

finalhandler@~1.1.2:
  version "1.1.2"
  resolved "https://registry.yarnpkg.com/finalhandler/-/finalhandler-1.1.2.tgz#b7e7d000ffd11938d0fdb053506f6ebabe9f587d"
  integrity sha512-aAWcW57uxVNrQZqFXjITpW3sIUQmHGG3qSb9mUah9MgMC4NeWhNOlNjXEYq3HjRAvL6arUviZGGJsBg6z0zsWA==
  dependencies:
    debug "2.6.9"
    encodeurl "~1.0.2"
    escape-html "~1.0.3"
    on-finished "~2.3.0"
    parseurl "~1.3.3"
    statuses "~1.5.0"
    unpipe "~1.0.0"

forwarded@0.2.0:
  version "0.2.0"
  resolved "https://registry.yarnpkg.com/forwarded/-/forwarded-0.2.0.tgz#2269936428aad4c15c7ebe9779a84bf0b2a81811"
  integrity sha512-buRG0fpBtRHSTCOASe6hD258tEubFoRLb4ZNA6NxMVHNw2gOcwHo9wyablzMzOA5z9xA9L1KNjk/Nt6MT9aYow==

fresh@0.5.2:
  version "0.5.2"
  resolved "https://registry.yarnpkg.com/fresh/-/fresh-0.5.2.tgz#3d8cadd90d976569fa835ab1f8e4b23a105605a7"
  integrity sha1-PYyt2Q2XZWn6g1qx+OSyOhBWBac=

http-errors@1.7.2:
  version "1.7.2"
  resolved "https://registry.yarnpkg.com/http-errors/-/http-errors-1.7.2.tgz#4f5029cf13239f31036e5b2e55292bcfbcc85c8f"
  integrity sha512-uUQBt3H/cSIVfch6i1EuPNy/YsRSOUBXTVfZ+yR7Zjez3qjBz6i9+i4zjNaoqcoFVI4lQJ5plg63TvGfRSDCRg==
  dependencies:
    depd "~1.1.2"
    inherits "2.0.3"
    setprototypeof "1.1.1"
    statuses ">= 1.5.0 < 2"
    toidentifier "1.0.0"

http-errors@~1.7.2:
  version "1.7.3"
  resolved "https://registry.yarnpkg.com/http-errors/-/http-errors-1.7.3.tgz#6c619e4f9c60308c38519498c14fbb10aacebb06"
  integrity sha512-ZTTX0MWrsQ2ZAhA1cejAwDLycFsd7I7nVtnkT3Ol0aqodaKW+0CTZDQ1uBv5whptCnc8e8HeRRJxRs0kmm/Qfw==
  dependencies:
    depd "~1.1.2"
    inherits "2.0.4"
    setprototypeof "1.1.1"
    statuses ">= 1.5.0 < 2"
    toidentifier "1.0.0"

iconv-lite@0.4.24:
  version "0.4.24"
  resolved "https://registry.yarnpkg.com/iconv-lite/-/iconv-lite-0.4.24.tgz#2022b4b25fbddc21d2f524974a474aafe733908b"
  integrity sha512-v3MXnZAcvnywkTUEZomIActle7RXXeedOR31wwl7VlyoXO4Qi9arvSenNQWne1TcRwhCL1HwLI21bEqdpj8/rA==
  dependencies:
    safer-buffer ">= 2.1.2 < 3"

inherits@2.0.3:
  version "2.0.3"
  resolved "https://registry.yarnpkg.com/inherits/-/inherits-2.0.3.tgz#633c2c83e3da42a502f52466022480f4208261de"
  integrity sha1-Yzwsg+PaQqUC9SRmAiSA9CCCYd4=

inherits@2.0.4:
  version "2.0.4"
  resolved "https://registry.yarnpkg.com/inherits/-/inherits-2.0.4.tgz#0fa2c64f932917c3433a0ded55363aae37416b7c"
  integrity sha512-k/vGaX4/Yla3WzyMCvTQOXYeIHvqOKtnqBduzTHpzpQZzAskKMhZ2K+EnBiSM9zGSoIFeMpXKxa4dYeZIQqewQ==

ipaddr.js@1.9.1:
  version "1.9.1"
  resolved "https://registry.yarnpkg.com/ipaddr.js/-/ipaddr.js-1.9.1.tgz#bff38543eeb8984825079ff3a2a8e6cbd46781b3"
  integrity sha512-0KI/607xoxSToH7GjN1FfSbLoU0+btTicjsQSWQlh/hZykN8KpmMf7uYwPW3R+akZ6R/w18ZlXSHBYXiYUPO3g==

media-typer@0.3.0:
  version "0.3.0"
  resolved "https://registry.yarnpkg.com/media-typer/-/media-typer-0.3.0.tgz#8710d7af0aa626f8fffa1ce00168545263255748"
  integrity sha1-hxDXrwqmJvj/+hzgAWhUUmMlV0g=

merge-descriptors@1.0.1:
  version "1.0.1"
  resolved "https://registry.yarnpkg.com/merge-descriptors/-/merge-descriptors-1.0.1.tgz#b00aaa556dd8b44568150ec9d1b953f3f90cbb61"
  integrity sha1-sAqqVW3YtEVoFQ7J0blT8/kMu2E=

methods@~1.1.2:
  version "1.1.2"
  resolved "https://registry.yarnpkg.com/methods/-/methods-1.1.2.tgz#5529a4d67654134edcc5266656835b0f851afcee"
  integrity sha1-VSmk1nZUE07cxSZmVoNbD4Ua/O4=

mime-db@1.49.0:
  version "1.49.0"
  resolved "https://registry.yarnpkg.com/mime-db/-/mime-db-1.49.0.tgz#f3dfde60c99e9cf3bc9701d687778f537001cbed"
  integrity sha512-CIc8j9URtOVApSFCQIF+VBkX1RwXp/oMMOrqdyXSBXq5RWNEsRfyj1kiRnQgmNXmHxPoFIxOroKA3zcU9P+nAA==

mime-types@~2.1.24:
  version "2.1.32"
  resolved "https://registry.yarnpkg.com/mime-types/-/mime-types-2.1.32.tgz#1d00e89e7de7fe02008db61001d9e02852670fd5"
  integrity sha512-hJGaVS4G4c9TSMYh2n6SQAGrC4RnfU+daP8G7cSCmaqNjiOoUY0VHCMS42pxnQmVF1GWwFhbHWn3RIxCqTmZ9A==
  dependencies:
    mime-db "1.49.0"

mime@1.6.0:
  version "1.6.0"
  resolved "https://registry.yarnpkg.com/mime/-/mime-1.6.0.tgz#32cd9e5c64553bd58d19a568af452acff04981b1"
  integrity sha512-x0Vn8spI+wuJ1O6S7gnbaQg8Pxh4NNHb7KSINmEWKiPE4RKOplvijn+NkmYmmRgP68mc70j2EbeTFRsrswaQeg==

mnemonist@0.38.3:
  version "0.38.3"
  resolved "https://registry.yarnpkg.com/mnemonist/-/mnemonist-0.38.3.tgz#35ec79c1c1f4357cfda2fe264659c2775ccd7d9d"
  integrity sha512-2K9QYubXx/NAjv4VLq1d1Ly8pWNC5L3BrixtdkyTegXWJIqY+zLNDhhX/A+ZwWt70tB1S8H4BE8FLYEFyNoOBw==
  dependencies:
    obliterator "^1.6.1"

ms@2.0.0:
  version "2.0.0"
  resolved "https://registry.yarnpkg.com/ms/-/ms-2.0.0.tgz#5608aeadfc00be6c2901df5f9861788de0d597c8"
  integrity sha1-VgiurfwAvmwpAd9fmGF4jeDVl8g=

ms@2.1.1:
  version "2.1.1"
  resolved "https://registry.yarnpkg.com/ms/-/ms-2.1.1.tgz#30a5864eb3ebb0a66f2ebe6d727af06a09d86e0a"
  integrity sha512-tgp+dl5cGk28utYktBsrFqA7HKgrhgPsg6Z/EfhWI4gl1Hwq8B/GmY/0oXZ6nF8hDVesS/FpnYaD/kOWhYQvyg==

negotiator@0.6.2:
  version "0.6.2"
  resolved "https://registry.yarnpkg.com/negotiator/-/negotiator-0.6.2.tgz#feacf7ccf525a77ae9634436a64883ffeca346fb"
  integrity sha512-hZXc7K2e+PgeI1eDBe/10Ard4ekbfrrqG8Ep+8Jmf4JID2bNg7NvCPOZN+kfF574pFQI7mum2AUqDidoKqcTOw==

obliterator@^1.6.1:
  version "1.6.1"
  resolved "https://registry.yarnpkg.com/obliterator/-/obliterator-1.6.1.tgz#dea03e8ab821f6c4d96a299e17aef6a3af994ef3"
  integrity sha512-9WXswnqINnnhOG/5SLimUlzuU1hFJUc8zkwyD59Sd+dPOMf05PmnYG/d6Q7HZ+KmgkZJa1PxRso6QdM3sTNHig==

on-finished@~2.3.0:
  version "2.3.0"
  resolved "https://registry.yarnpkg.com/on-finished/-/on-finished-2.3.0.tgz#20f1336481b083cd75337992a16971aa2d906947"
  integrity sha1-IPEzZIGwg811M3mSoWlxqi2QaUc=
  dependencies:
    ee-first "1.1.1"

parseurl@~1.3.3:
  version "1.3.3"
  resolved "https://registry.yarnpkg.com/parseurl/-/parseurl-1.3.3.tgz#9da19e7bee8d12dff0513ed5b76957793bc2e8d4"
  integrity sha512-CiyeOxFT/JZyN5m0z9PfXw4SCBJ6Sygz1Dpl0wqjlhDEGGBP1GnsUVEL0p63hoG1fcj3fHynXi9NYO4nWOL+qQ==

path-to-regexp@0.1.7:
  version "0.1.7"
  resolved "https://registry.yarnpkg.com/path-to-regexp/-/path-to-regexp-0.1.7.tgz#df604178005f522f15eb4490e7247a1bfaa67f8c"
  integrity sha1-32BBeABfUi8V60SQ5yR6G/qmf4w=

proxy-addr@~2.0.5:
  version "2.0.7"
  resolved "https://registry.yarnpkg.com/proxy-addr/-/proxy-addr-2.0.7.tgz#f19fe69ceab311eeb94b42e70e8c2070f9ba1025"
  integrity sha512-llQsMLSUDUPT44jdrU/O37qlnifitDP+ZwrmmZcoSKyLKvtZxpyV0n2/bD/N4tBAAZ/gJEdZU7KMraoK1+XYAg==
  dependencies:
    forwarded "0.2.0"
    ipaddr.js "1.9.1"

qs@6.7.0:
  version "6.7.0"
  resolved "https://registry.yarnpkg.com/qs/-/qs-6.7.0.tgz#41dc1a015e3d581f1621776be31afb2876a9b1bc"
  integrity sha512-VCdBRNFTX1fyE7Nb6FYoURo/SPe62QCaAyzJvUjwRaIsc+NePBEniHlvxFmmX56+HZphIGtV0XeCirBtpDrTyQ==

range-parser@~1.2.1:
  version "1.2.1"
  resolved "https://registry.yarnpkg.com/range-parser/-/range-parser-1.2.1.tgz#3cf37023d199e1c24d1a55b84800c2f3e6468031"
  integrity sha512-Hrgsx+orqoygnmhFbKaHE6c296J+HTAQXoxEF6gNupROmmGJRoyzfG3ccAveqCBrwr/2yxQ5BVd/GTl5agOwSg==

raw-body@2.4.0:
  version "2.4.0"
  resolved "https://registry.yarnpkg.com/raw-body/-/raw-body-2.4.0.tgz#a1ce6fb9c9bc356ca52e89256ab59059e13d0332"
  integrity sha512-4Oz8DUIwdvoa5qMJelxipzi/iJIi40O5cGV1wNYp5hvZP8ZN0T+jiNkL0QepXs+EsQ9XJ8ipEDoiH70ySUJP3Q==
  dependencies:
    bytes "3.1.0"
    http-errors "1.7.2"
    iconv-lite "0.4.24"
    unpipe "1.0.0"

safe-buffer@5.1.2:
  version "5.1.2"
  resolved "https://registry.yarnpkg.com/safe-buffer/-/safe-buffer-5.1.2.tgz#991ec69d296e0313747d59bdfd2b745c35f8828d"
  integrity sha512-Gd2UZBJDkXlY7GbJxfsE8/nvKkUEU1G38c1siN6QP6a9PT9MmHB8GnpscSmMJSoF8LOIrt8ud/wPtojys4G6+g==

"safer-buffer@>= 2.1.2 < 3":
  version "2.1.2"
  resolved "https://registry.yarnpkg.com/safer-buffer/-/safer-buffer-2.1.2.tgz#44fa161b0187b9549dd84bb91802f9bd8385cd6a"
  integrity sha512-YZo3K82SD7Riyi0E1EQPojLz7kpepnSQI9IyPbHHg1XXXevb5dJI7tpyN2ADxGcQbHG7vcyRHk0cbwqcQriUtg==

send@0.17.1:
  version "0.17.1"
  resolved "https://registry.yarnpkg.com/send/-/send-0.17.1.tgz#c1d8b059f7900f7466dd4938bdc44e11ddb376c8"
  integrity sha512-BsVKsiGcQMFwT8UxypobUKyv7irCNRHk1T0G680vk88yf6LBByGcZJOTJCrTP2xVN6yI+XjPJcNuE3V4fT9sAg==
  dependencies:
    debug "2.6.9"
    depd "~1.1.2"
    destroy "~1.0.4"
    encodeurl "~1.0.2"
    escape-html "~1.0.3"
    etag "~1.8.1"
    fresh "0.5.2"
    http-errors "~1.7.2"
    mime "1.6.0"
    ms "2.1.1"
    on-finished "~2.3.0"
    range-parser "~1.2.1"
    statuses "~1.5.0"

serve-static@1.14.1:
  version "1.14.1"
  resolved "https://registry.yarnpkg.com/serve-static/-/serve-static-1.14.1.tgz#666e636dc4f010f7ef29970a88a674320898b2f9"
  integrity sha512-JMrvUwE54emCYWlTI+hGrGv5I8dEwmco/00EvkzIIsR7MqrHonbD9pO2MOfFnpFntl7ecpZs+3mW+XbQZu9QCg==
  dependencies:
    encodeurl "~1.0.2"
    escape-html "~1.0.3"
    parseurl "~1.3.3"
    send "0.17.1"

setprototypeof@1.1.1:
  version "1.1.1"
  resolved "https://registry.yarnpkg.com/setprototypeof/-/setprototypeof-1.1.1.tgz#7e95acb24aa92f5885e0abef5ba131330d4ae683"
  integrity sha512-JvdAWfbXeIGaZ9cILp38HntZSFSo3mWg6xGcJJsd+d4aRMOqauag1C63dJfDw7OaMYwEbHMOxEZ1lqVRYP2OAw==

"statuses@>= 1.5.0 < 2", statuses@~1.5.0:
  version "1.5.0"
  resolved "https://registry.yarnpkg.com/statuses/-/statuses-1.5.0.tgz#161c7dac177659fd9811f43771fa99381478628c"
  integrity sha1-Fhx9rBd2Wf2YEfQ3cfqZOBR4Yow=

toidentifier@1.0.0:
  version "1.0.0"
  resolved "https://registry.yarnpkg.com/toidentifier/-/toidentifier-1.0.0.tgz#7e1be3470f1e77948bc43d94a3c8f4d7752ba553"
  integrity sha512-yaOH/Pk/VEhBWWTlhI+qXxDFXlejDGcQipMlyxda9nthulaxLZUNcUqFxokp0vcYnvteJln5FNQDRrxj3YcbVw==

tslib@^1.11.1:
  version "1.14.1"
  resolved "https://registry.yarnpkg.com/tslib/-/tslib-1.14.1.tgz#cf2d38bdc34a134bcaf1091c41f6619e2f672d00"
  integrity sha512-Xni35NKzjgMrwevysHTCArtLDpPvye8zV/0E4EyYn43P7/7qvQwPh9BGkHewbMulVntbigmcT7rdX3BNo9wRJg==

tslib@^2.3.0:
  version "2.3.0"
  resolved "https://registry.yarnpkg.com/tslib/-/tslib-2.3.0.tgz#803b8cdab3e12ba581a4ca41c8839bbb0dacb09e"
  integrity sha512-N82ooyxVNm6h1riLCoyS9e3fuJ3AMG2zIZs2Gd1ATcSFjSA23Q0fzjjZeh0jbJvWVDZ0cJT8yaNNaaXHzueNjg==

type-is@~1.6.17, type-is@~1.6.18:
  version "1.6.18"
  resolved "https://registry.yarnpkg.com/type-is/-/type-is-1.6.18.tgz#4e552cd05df09467dcbc4ef739de89f2cf37c131"
  integrity sha512-TkRKr9sUTxEH8MdfuCSP7VizJyzRNMjj2J2do2Jr3Kym598JVdEksuzPQCnlFPW4ky9Q+iA+ma9BGm06XQBy8g==
  dependencies:
    media-typer "0.3.0"
    mime-types "~2.1.24"

unpipe@1.0.0, unpipe@~1.0.0:
  version "1.0.0"
  resolved "https://registry.yarnpkg.com/unpipe/-/unpipe-1.0.0.tgz#b2bf4ee8514aae6165b4817829d21b2ef49904ec"
  integrity sha1-sr9O6FFKrmFltIF4KdIbLvSZBOw=

utils-merge@1.0.1:
  version "1.0.1"
  resolved "https://registry.yarnpkg.com/utils-merge/-/utils-merge-1.0.1.tgz#9f95710f50a267947b2ccc124741c1028427e713"
  integrity sha1-n5VxD1CiZ5R7LMwSR0HBAoQn5xM=

uuid@^8.3.2:
  version "8.3.2"
  resolved "https://registry.yarnpkg.com/uuid/-/uuid-8.3.2.tgz#80d5b5ced271bb9af6c445f21a1a04c606cefbe2"
  integrity sha512-+NYs2QeMWy+GWFOEm9xnn6HCDp0l7QBD7ml8zLUmJ+93Q5NF0NocErnwkTkXVFNiX3/fpC6afS8Dhb/gz7R7eg==

vary@~1.1.2:
  version "1.1.2"
  resolved "https://registry.yarnpkg.com/vary/-/vary-1.1.2.tgz#2299f02c6ded30d4a5961b0b9f74524a18f634fc"
  integrity sha1-IpnwLG3tMNSllhsLn3RSShj2NPw=
